
Microsoft Visual Studio Solution File, Format Version 12.00
# Visual Studio Version 17
VisualStudioVersion = 17.9.34701.34
MinimumVisualStudioVersion = 10.0.40219.1
Project("{FAE04EC0-301F-11D3-BF4B-00C04F79EFBC}") = "TicketSystem", "TicketSystem\TicketSystem.csproj", "{811DFD20-77D6-4DA8-9CAD-54509F4BD1A1}"
EndProject
Project("{FAE04EC0-301F-11D3-BF4B-00C04F79EFBC}") = "TicketSystemWeb", "TicketSystemWeb\TicketSystemWeb.csproj", "{BCD5AF53-35FA-44E0-B3A8-3F9E8D728504}"
EndProject
Global
	GlobalSection(SolutionConfigurationPlatforms) = preSolution
		Debug|Any CPU = Debug|Any CPU
		Release|Any CPU = Release|Any CPU
	EndGlobalSection
	GlobalSection(ProjectConfigurationPlatforms) = postSolution
		{811DFD20-77D6-4DA8-9CAD-54509F4BD1A1}.Debug|Any CPU.ActiveCfg = Debug|Any CPU
		{811DFD20-77D6-4DA8-9CAD-54509F4BD1A1}.Debug|Any CPU.Build.0 = Debug|Any CPU
		{811DFD20-77D6-4DA8-9CAD-54509F4BD1A1}.Debug|Any CPU.Deploy.0 = Debug|Any CPU
		{811DFD20-77D6-4DA8-9CAD-54509F4BD1A1}.Release|Any CPU.ActiveCfg = Release|Any CPU
		{811DFD20-77D6-4DA8-9CAD-54509F4BD1A1}.Release|Any CPU.Build.0 = Release|Any CPU
		{811DFD20-77D6-4DA8-9CAD-54509F4BD1A1}.Release|Any CPU.Deploy.0 = Release|Any CPU
		{BCD5AF53-35FA-44E0-B3A8-3F9E8D728504}.Debug|Any CPU.ActiveCfg = Debug|Any CPU
		{BCD5AF53-35FA-44E0-B3A8-3F9E8D728504}.Debug|Any CPU.Build.0 = Debug|Any CPU
		{BCD5AF53-35FA-44E0-B3A8-3F9E8D728504}.Release|Any CPU.ActiveCfg = Release|Any CPU
		{BCD5AF53-35FA-44E0-B3A8-3F9E8D728504}.Release|Any CPU.Build.0 = Release|Any CPU
	EndGlobalSection
	GlobalSection(SolutionProperties) = preSolution
		HideSolutionNode = FALSE
	EndGlobalSection
	GlobalSection(ExtensibilityGlobals) = postSolution
		SolutionGuid = {FEEE4745-F78B-46CA-B19D-A0D79DC50573}
	EndGlobalSection
EndGlobal
